
Microsoft Visual Studio Solution File, Format Version 12.00
# Visual Studio Version 16
VisualStudioVersion = 16.0.31424.327
MinimumVisualStudioVersion = 10.0.40219.1
Project("{FAE04EC0-301F-11D3-BF4B-00C04F79EFBC}") = "CinemaMovie", "CinemaMovie\CinemaMovie.csproj", "{86924265-1C35-4836-8239-EBB1FC4120C8}"
EndProject
Global
	GlobalSection(SolutionConfigurationPlatforms) = preSolution
		Debug|Any CPU = Debug|Any CPU
		Release|Any CPU = Release|Any CPU
	EndGlobalSection
	GlobalSection(ProjectConfigurationPlatforms) = postSolution
		{86924265-1C35-4836-8239-EBB1FC4120C8}.Debug|Any CPU.ActiveCfg = Debug|Any CPU
		{86924265-1C35-4836-8239-EBB1FC4120C8}.Debug|Any CPU.Build.0 = Debug|Any CPU
		{86924265-1C35-4836-8239-EBB1FC4120C8}.Release|Any CPU.ActiveCfg = Release|Any CPU
		{86924265-1C35-4836-8239-EBB1FC4120C8}.Release|Any CPU.Build.0 = Release|Any CPU
	EndGlobalSection
	GlobalSection(SolutionProperties) = preSolution
		HideSolutionNode = FALSE
	EndGlobalSection
	GlobalSection(ExtensibilityGlobals) = postSolution
		SolutionGuid = {E94DCA81-8168-40A4-A551-83C8BCD1E8AF}
	EndGlobalSection
EndGlobal
